// !$*UTF8*$!
{
	archiveVersion = 1;
	classes = {
	};
	objectVersion = 46;
	objects = {

/* Begin PBXBuildFile section */
		232D55A41C871CC9002798F4 /* CDSong+CoreDataProperties.m in Sources */ = {isa = PBXBuildFile; fileRef = 232D55A11C871CC9002798F4 /* CDSong+CoreDataProperties.m */; };
		232D55A51C871CC9002798F4 /* CDSong.m in Sources */ = {isa = PBXBuildFile; fileRef = 232D55A31C871CC9002798F4 /* CDSong.m */; };
		232D55BA1C87269A002798F4 /* ic_auto_scroll_selected.png in Resources */ = {isa = PBXBuildFile; fileRef = 232D55A61C87269A002798F4 /* ic_auto_scroll_selected.png */; };
		232D55BB1C87269A002798F4 /* ic_auto_scroll.png in Resources */ = {isa = PBXBuildFile; fileRef = 232D55A71C87269A002798F4 /* ic_auto_scroll.png */; };
		232D55BC1C87269A002798F4 /* ic_global_selected.png in Resources */ = {isa = PBXBuildFile; fileRef = 232D55A81C87269A002798F4 /* ic_global_selected.png */; };
		232D55BD1C87269A002798F4 /* ic_global.png in Resources */ = {isa = PBXBuildFile; fileRef = 232D55A91C87269A002798F4 /* ic_global.png */; };
		232D55BE1C87269A002798F4 /* ic_hinos_selected.png in Resources */ = {isa = PBXBuildFile; fileRef = 232D55AA1C87269A002798F4 /* ic_hinos_selected.png */; };
		232D55BF1C87269A002798F4 /* ic_hinos.png in Resources */ = {isa = PBXBuildFile; fileRef = 232D55AB1C87269A002798F4 /* ic_hinos.png */; };
		232D55C01C87269A002798F4 /* ic_metronome_selected.png in Resources */ = {isa = PBXBuildFile; fileRef = 232D55AC1C87269A002798F4 /* ic_metronome_selected.png */; };
		232D55C11C87269A002798F4 /* ic_metronome.png in Resources */ = {isa = PBXBuildFile; fileRef = 232D55AD1C87269A002798F4 /* ic_metronome.png */; };
		232D55C21C87269A002798F4 /* ic_mude_selected.png in Resources */ = {isa = PBXBuildFile; fileRef = 232D55AE1C87269A002798F4 /* ic_mude_selected.png */; };
		232D55C31C87269A002798F4 /* ic_mude.png in Resources */ = {isa = PBXBuildFile; fileRef = 232D55AF1C87269A002798F4 /* ic_mude.png */; };
		232D55C41C87269A002798F4 /* ic_return_selected.png in Resources */ = {isa = PBXBuildFile; fileRef = 232D55B01C87269A002798F4 /* ic_return_selected.png */; };
		232D55C51C87269A002798F4 /* ic_return.png in Resources */ = {isa = PBXBuildFile; fileRef = 232D55B11C87269A002798F4 /* ic_return.png */; };
		232D55C61C87269A002798F4 /* ic_setting_selected.png in Resources */ = {isa = PBXBuildFile; fileRef = 232D55B21C87269A002798F4 /* ic_setting_selected.png */; };
		232D55C71C87269A002798F4 /* ic_setting.png in Resources */ = {isa = PBXBuildFile; fileRef = 232D55B31C87269A002798F4 /* ic_setting.png */; };
		232D55C81C87269A002798F4 /* ic_star_selected.png in Resources */ = {isa = PBXBuildFile; fileRef = 232D55B41C87269A002798F4 /* ic_star_selected.png */; };
		232D55C91C87269A002798F4 /* ic_star_yellow.png in Resources */ = {isa = PBXBuildFile; fileRef = 232D55B51C87269A002798F4 /* ic_star_yellow.png */; };
		232D55CA1C87269A002798F4 /* ic_star.png in Resources */ = {isa = PBXBuildFile; fileRef = 232D55B61C87269A002798F4 /* ic_star.png */; };
		232D55CB1C87269A002798F4 /* ic_tuner_selected.png in Resources */ = {isa = PBXBuildFile; fileRef = 232D55B71C87269A002798F4 /* ic_tuner_selected.png */; };
		232D55CC1C87269A002798F4 /* ic_tuner.png in Resources */ = {isa = PBXBuildFile; fileRef = 232D55B81C87269A002798F4 /* ic_tuner.png */; };
		232D55CD1C87269A002798F4 /* ic_x.png in Resources */ = {isa = PBXBuildFile; fileRef = 232D55B91C87269A002798F4 /* ic_x.png */; };
		23B859DB1C85D9D500144193 /* main.m in Sources */ = {isa = PBXBuildFile; fileRef = 23B859DA1C85D9D500144193 /* main.m */; };
		23B859DE1C85D9D500144193 /* AppDelegate.m in Sources */ = {isa = PBXBuildFile; fileRef = 23B859DD1C85D9D500144193 /* AppDelegate.m */; };
		23B859E41C85D9D500144193 /* Main.storyboard in Resources */ = {isa = PBXBuildFile; fileRef = 23B859E21C85D9D500144193 /* Main.storyboard */; };
		23B859E91C85D9D500144193 /* Assets.xcassets in Resources */ = {isa = PBXBuildFile; fileRef = 23B859E81C85D9D500144193 /* Assets.xcassets */; };
		23B859EC1C85D9D500144193 /* LaunchScreen.storyboard in Resources */ = {isa = PBXBuildFile; fileRef = 23B859EA1C85D9D500144193 /* LaunchScreen.storyboard */; };
		23B85A1D1C85E30B00144193 /* global.ai in Resources */ = {isa = PBXBuildFile; fileRef = 23B85A0F1C85E30B00144193 /* global.ai */; };
		23B85A1F1C85E30B00144193 /* ic_azuda.png in Resources */ = {isa = PBXBuildFile; fileRef = 23B85A111C85E30B00144193 /* ic_azuda.png */; };
		23B85A201C85E30B00144193 /* ic_book.png in Resources */ = {isa = PBXBuildFile; fileRef = 23B85A121C85E30B00144193 /* ic_book.png */; };
		23B85A211C85E30B00144193 /* ic_facebook.png in Resources */ = {isa = PBXBuildFile; fileRef = 23B85A131C85E30B00144193 /* ic_facebook.png */; };
		23B85A221C85E30B00144193 /* ic_instagram.png in Resources */ = {isa = PBXBuildFile; fileRef = 23B85A141C85E30B00144193 /* ic_instagram.png */; };
		23B85A231C85E30B00144193 /* ic_mail.png in Resources */ = {isa = PBXBuildFile; fileRef = 23B85A151C85E30B00144193 /* ic_mail.png */; };
		23B85A241C85E30B00144193 /* ic_notification.png in Resources */ = {isa = PBXBuildFile; fileRef = 23B85A161C85E30B00144193 /* ic_notification.png */; };
		23B85A251C85E30B00144193 /* ic_person.png in Resources */ = {isa = PBXBuildFile; fileRef = 23B85A171C85E30B00144193 /* ic_person.png */; };
		23B85A261C85E30B00144193 /* ic_share.png in Resources */ = {isa = PBXBuildFile; fileRef = 23B85A181C85E30B00144193 /* ic_share.png */; };
		23B85A271C85E30B00144193 /* ic_star_settings.png in Resources */ = {isa = PBXBuildFile; fileRef = 23B85A191C85E30B00144193 /* ic_star_settings.png */; };
		23B85A281C85E30B00144193 /* ic_trolley.png in Resources */ = {isa = PBXBuildFile; fileRef = 23B85A1A1C85E30B00144193 /* ic_trolley.png */; };
		23B85A291C85E30B00144193 /* ic_twiiter.png in Resources */ = {isa = PBXBuildFile; fileRef = 23B85A1B1C85E30B00144193 /* ic_twiiter.png */; };
		23B85A2A1C85E30B00144193 /* logo_secondary.png in Resources */ = {isa = PBXBuildFile; fileRef = 23B85A1C1C85E30B00144193 /* logo_secondary.png */; };
		23B85A2C1C85E31800144193 /* app-data.json in Resources */ = {isa = PBXBuildFile; fileRef = 23B85A2B1C85E31800144193 /* app-data.json */; };
		23B85A351C85E32F00144193 /* FavoritosViewController.m in Sources */ = {isa = PBXBuildFile; fileRef = 23B85A2E1C85E32F00144193 /* FavoritosViewController.m */; };
		23B85A361C85E32F00144193 /* HinosViewController.m in Sources */ = {isa = PBXBuildFile; fileRef = 23B85A301C85E32F00144193 /* HinosViewController.m */; };
		23B85A371C85E32F00144193 /* HinosDetailViewController.m in Sources */ = {isa = PBXBuildFile; fileRef = 23B85A321C85E32F00144193 /* HinosDetailViewController.m */; };
		23B85A381C85E32F00144193 /* SettingsViewController.m in Sources */ = {isa = PBXBuildFile; fileRef = 23B85A341C85E32F00144193 /* SettingsViewController.m */; };
		23B85A3B1C85E3C100144193 /* HarpaCrista.xcdatamodeld in Sources */ = {isa = PBXBuildFile; fileRef = 23B85A391C85E3C100144193 /* HarpaCrista.xcdatamodeld */; };
		A601EA541C8A891500E0AE3F /* ChangeToneCollectionViewCell.m in Sources */ = {isa = PBXBuildFile; fileRef = A601EA531C8A891500E0AE3F /* ChangeToneCollectionViewCell.m */; };
		A601EA571C8AB03100E0AE3F /* IntroScreen.storyboard in Resources */ = {isa = PBXBuildFile; fileRef = A601EA561C8AB03100E0AE3F /* IntroScreen.storyboard */; };
		A601EA631C8AB1EF00E0AE3F /* Tutorial-2.png in Resources */ = {isa = PBXBuildFile; fileRef = A601EA5A1C8AB1EF00E0AE3F /* Tutorial-2.png */; };
		A601EA641C8AB1EF00E0AE3F /* Tutorial-3.png in Resources */ = {isa = PBXBuildFile; fileRef = A601EA5B1C8AB1EF00E0AE3F /* Tutorial-3.png */; };
		A601EA651C8AB1EF00E0AE3F /* Tutorial-4.png in Resources */ = {isa = PBXBuildFile; fileRef = A601EA5C1C8AB1EF00E0AE3F /* Tutorial-4.png */; };
		A601EA661C8AB1EF00E0AE3F /* Tutorial-5.png in Resources */ = {isa = PBXBuildFile; fileRef = A601EA5D1C8AB1EF00E0AE3F /* Tutorial-5.png */; };
		A601EA671C8AB1EF00E0AE3F /* Tutorial-6.png in Resources */ = {isa = PBXBuildFile; fileRef = A601EA5E1C8AB1EF00E0AE3F /* Tutorial-6.png */; };
		A601EA681C8AB1EF00E0AE3F /* Tutorial-7.png in Resources */ = {isa = PBXBuildFile; fileRef = A601EA5F1C8AB1EF00E0AE3F /* Tutorial-7.png */; };
		A601EA691C8AB1EF00E0AE3F /* Tutorial-8.png in Resources */ = {isa = PBXBuildFile; fileRef = A601EA601C8AB1EF00E0AE3F /* Tutorial-8.png */; };
		A601EA731C8AB7A600E0AE3F /* PageItemViewController.m in Sources */ = {isa = PBXBuildFile; fileRef = A601EA721C8AB7A600E0AE3F /* PageItemViewController.m */; };
		A601EA761C8AB7EB00E0AE3F /* TutorialViewController.m in Sources */ = {isa = PBXBuildFile; fileRef = A601EA751C8AB7EB00E0AE3F /* TutorialViewController.m */; };
		A601EA7A1C8ABD0000E0AE3F /* Tutorial-9.png in Resources */ = {isa = PBXBuildFile; fileRef = A601EA791C8ABD0000E0AE3F /* Tutorial-9.png */; };
		A61720721C881BDA00CFF43D /* MainTabbarController.m in Sources */ = {isa = PBXBuildFile; fileRef = A61720711C881BDA00CFF43D /* MainTabbarController.m */; };
		A6A76D2F1C8B01170058E2C1 /* Boot-Screen.png in Resources */ = {isa = PBXBuildFile; fileRef = A6A76D2E1C8B01170058E2C1 /* Boot-Screen.png */; };
		A6DBCF411C8D856800FA6343 /* Tutorial-1.png in Resources */ = {isa = PBXBuildFile; fileRef = A6DBCF401C8D856800FA6343 /* Tutorial-1.png */; };
		A6DBCF461C8D9AEB00FA6343 /* Constants.m in Sources */ = {isa = PBXBuildFile; fileRef = A6DBCF451C8D9AEB00FA6343 /* Constants.m */; };
/* End PBXBuildFile section */

/* Begin PBXFileReference section */
		232D55A01C871CC9002798F4 /* CDSong+CoreDataProperties.h */ = {isa = PBXFileReference; fileEncoding = 4; lastKnownFileType = sourcecode.c.h; name = "CDSong+CoreDataProperties.h"; path = "Sources/Models/CDSong+CoreDataProperties.h"; sourceTree = "<group>"; };
		232D55A11C871CC9002798F4 /* CDSong+CoreDataProperties.m */ = {isa = PBXFileReference; fileEncoding = 4; lastKnownFileType = sourcecode.c.objc; name = "CDSong+CoreDataProperties.m"; path = "Sources/Models/CDSong+CoreDataProperties.m"; sourceTree = "<group>"; };
		232D55A21C871CC9002798F4 /* CDSong.h */ = {isa = PBXFileReference; fileEncoding = 4; lastKnownFileType = sourcecode.c.h; name = CDSong.h; path = Sources/Models/CDSong.h; sourceTree = "<group>"; };
		232D55A31C871CC9002798F4 /* CDSong.m */ = {isa = PBXFileReference; fileEncoding = 4; lastKnownFileType = sourcecode.c.objc; name = CDSong.m; path = Sources/Models/CDSong.m; sourceTree = "<group>"; };
		232D55A61C87269A002798F4 /* ic_auto_scroll_selected.png */ = {isa = PBXFileReference; lastKnownFileType = image.png; name = ic_auto_scroll_selected.png; path = Resources/Images/ic_auto_scroll_selected.png; sourceTree = "<group>"; };
		232D55A71C87269A002798F4 /* ic_auto_scroll.png */ = {isa = PBXFileReference; lastKnownFileType = image.png; name = ic_auto_scroll.png; path = Resources/Images/ic_auto_scroll.png; sourceTree = "<group>"; };
		232D55A81C87269A002798F4 /* ic_global_selected.png */ = {isa = PBXFileReference; lastKnownFileType = image.png; name = ic_global_selected.png; path = Resources/Images/ic_global_selected.png; sourceTree = "<group>"; };
		232D55A91C87269A002798F4 /* ic_global.png */ = {isa = PBXFileReference; lastKnownFileType = image.png; name = ic_global.png; path = Resources/Images/ic_global.png; sourceTree = "<group>"; };
		232D55AA1C87269A002798F4 /* ic_hinos_selected.png */ = {isa = PBXFileReference; lastKnownFileType = image.png; name = ic_hinos_selected.png; path = Resources/Images/ic_hinos_selected.png; sourceTree = "<group>"; };
		232D55AB1C87269A002798F4 /* ic_hinos.png */ = {isa = PBXFileReference; lastKnownFileType = image.png; name = ic_hinos.png; path = Resources/Images/ic_hinos.png; sourceTree = "<group>"; };
		232D55AC1C87269A002798F4 /* ic_metronome_selected.png */ = {isa = PBXFileReference; lastKnownFileType = image.png; name = ic_metronome_selected.png; path = Resources/Images/ic_metronome_selected.png; sourceTree = "<group>"; };
		232D55AD1C87269A002798F4 /* ic_metronome.png */ = {isa = PBXFileReference; lastKnownFileType = image.png; name = ic_metronome.png; path = Resources/Images/ic_metronome.png; sourceTree = "<group>"; };
		232D55AE1C87269A002798F4 /* ic_mude_selected.png */ = {isa = PBXFileReference; lastKnownFileType = image.png; name = ic_mude_selected.png; path = Resources/Images/ic_mude_selected.png; sourceTree = "<group>"; };
		232D55AF1C87269A002798F4 /* ic_mude.png */ = {isa = PBXFileReference; lastKnownFileType = image.png; name = ic_mude.png; path = Resources/Images/ic_mude.png; sourceTree = "<group>"; };
		232D55B01C87269A002798F4 /* ic_return_selected.png */ = {isa = PBXFileReference; lastKnownFileType = image.png; name = ic_return_selected.png; path = Resources/Images/ic_return_selected.png; sourceTree = "<group>"; };
		232D55B11C87269A002798F4 /* ic_return.png */ = {isa = PBXFileReference; lastKnownFileType = image.png; name = ic_return.png; path = Resources/Images/ic_return.png; sourceTree = "<group>"; };
		232D55B21C87269A002798F4 /* ic_setting_selected.png */ = {isa = PBXFileReference; lastKnownFileType = image.png; name = ic_setting_selected.png; path = Resources/Images/ic_setting_selected.png; sourceTree = "<group>"; };
		232D55B31C87269A002798F4 /* ic_setting.png */ = {isa = PBXFileReference; lastKnownFileType = image.png; name = ic_setting.png; path = Resources/Images/ic_setting.png; sourceTree = "<group>"; };
		232D55B41C87269A002798F4 /* ic_star_selected.png */ = {isa = PBXFileReference; lastKnownFileType = image.png; name = ic_star_selected.png; path = Resources/Images/ic_star_selected.png; sourceTree = "<group>"; };
		232D55B51C87269A002798F4 /* ic_star_yellow.png */ = {isa = PBXFileReference; lastKnownFileType = image.png; name = ic_star_yellow.png; path = Resources/Images/ic_star_yellow.png; sourceTree = "<group>"; };
		232D55B61C87269A002798F4 /* ic_star.png */ = {isa = PBXFileReference; lastKnownFileType = image.png; name = ic_star.png; path = Resources/Images/ic_star.png; sourceTree = "<group>"; };
		232D55B71C87269A002798F4 /* ic_tuner_selected.png */ = {isa = PBXFileReference; lastKnownFileType = image.png; name = ic_tuner_selected.png; path = Resources/Images/ic_tuner_selected.png; sourceTree = "<group>"; };
		232D55B81C87269A002798F4 /* ic_tuner.png */ = {isa = PBXFileReference; lastKnownFileType = image.png; name = ic_tuner.png; path = Resources/Images/ic_tuner.png; sourceTree = "<group>"; };
		232D55B91C87269A002798F4 /* ic_x.png */ = {isa = PBXFileReference; lastKnownFileType = image.png; name = ic_x.png; path = Resources/Images/ic_x.png; sourceTree = "<group>"; };
		23B859D61C85D9D500144193 /* HarpaCrista.app */ = {isa = PBXFileReference; explicitFileType = wrapper.application; includeInIndex = 0; path = HarpaCrista.app; sourceTree = BUILT_PRODUCTS_DIR; };
		23B859DA1C85D9D500144193 /* main.m */ = {isa = PBXFileReference; lastKnownFileType = sourcecode.c.objc; path = main.m; sourceTree = "<group>"; };
		23B859DC1C85D9D500144193 /* AppDelegate.h */ = {isa = PBXFileReference; lastKnownFileType = sourcecode.c.h; path = AppDelegate.h; sourceTree = "<group>"; };
		23B859DD1C85D9D500144193 /* AppDelegate.m */ = {isa = PBXFileReference; lastKnownFileType = sourcecode.c.objc; path = AppDelegate.m; sourceTree = "<group>"; };
		23B859E31C85D9D500144193 /* Base */ = {isa = PBXFileReference; lastKnownFileType = file.storyboard; name = Base; path = Base.lproj/Main.storyboard; sourceTree = "<group>"; };
		23B859E81C85D9D500144193 /* Assets.xcassets */ = {isa = PBXFileReference; lastKnownFileType = folder.assetcatalog; path = Assets.xcassets; sourceTree = "<group>"; };
		23B859EB1C85D9D500144193 /* Base */ = {isa = PBXFileReference; lastKnownFileType = file.storyboard; name = Base; path = Base.lproj/LaunchScreen.storyboard; sourceTree = "<group>"; };
		23B859ED1C85D9D500144193 /* Info.plist */ = {isa = PBXFileReference; lastKnownFileType = text.plist.xml; path = Info.plist; sourceTree = "<group>"; };
		23B85A0F1C85E30B00144193 /* global.ai */ = {isa = PBXFileReference; fileEncoding = 4; lastKnownFileType = text; name = global.ai; path = Resources/Images/global.ai; sourceTree = "<group>"; };
		23B85A111C85E30B00144193 /* ic_azuda.png */ = {isa = PBXFileReference; lastKnownFileType = image.png; name = ic_azuda.png; path = Resources/Images/ic_azuda.png; sourceTree = "<group>"; };
		23B85A121C85E30B00144193 /* ic_book.png */ = {isa = PBXFileReference; lastKnownFileType = image.png; name = ic_book.png; path = Resources/Images/ic_book.png; sourceTree = "<group>"; };
		23B85A131C85E30B00144193 /* ic_facebook.png */ = {isa = PBXFileReference; lastKnownFileType = image.png; name = ic_facebook.png; path = Resources/Images/ic_facebook.png; sourceTree = "<group>"; };
		23B85A141C85E30B00144193 /* ic_instagram.png */ = {isa = PBXFileReference; lastKnownFileType = image.png; name = ic_instagram.png; path = Resources/Images/ic_instagram.png; sourceTree = "<group>"; };
		23B85A151C85E30B00144193 /* ic_mail.png */ = {isa = PBXFileReference; lastKnownFileType = image.png; name = ic_mail.png; path = Resources/Images/ic_mail.png; sourceTree = "<group>"; };
		23B85A161C85E30B00144193 /* ic_notification.png */ = {isa = PBXFileReference; lastKnownFileType = image.png; name = ic_notification.png; path = Resources/Images/ic_notification.png; sourceTree = "<group>"; };
		23B85A171C85E30B00144193 /* ic_person.png */ = {isa = PBXFileReference; lastKnownFileType = image.png; name = ic_person.png; path = Resources/Images/ic_person.png; sourceTree = "<group>"; };
		23B85A181C85E30B00144193 /* ic_share.png */ = {isa = PBXFileReference; lastKnownFileType = image.png; name = ic_share.png; path = Resources/Images/ic_share.png; sourceTree = "<group>"; };
		23B85A191C85E30B00144193 /* ic_star_settings.png */ = {isa = PBXFileReference; lastKnownFileType = image.png; name = ic_star_settings.png; path = Resources/Images/ic_star_settings.png; sourceTree = "<group>"; };
		23B85A1A1C85E30B00144193 /* ic_trolley.png */ = {isa = PBXFileReference; lastKnownFileType = image.png; name = ic_trolley.png; path = Resources/Images/ic_trolley.png; sourceTree = "<group>"; };
		23B85A1B1C85E30B00144193 /* ic_twiiter.png */ = {isa = PBXFileReference; lastKnownFileType = image.png; name = ic_twiiter.png; path = Resources/Images/ic_twiiter.png; sourceTree = "<group>"; };
		23B85A1C1C85E30B00144193 /* logo_secondary.png */ = {isa = PBXFileReference; lastKnownFileType = image.png; name = logo_secondary.png; path = Resources/Images/logo_secondary.png; sourceTree = "<group>"; };
		23B85A2B1C85E31800144193 /* app-data.json */ = {isa = PBXFileReference; fileEncoding = 4; lastKnownFileType = text.json; name = "app-data.json"; path = "Resources/Files/app-data.json"; sourceTree = "<group>"; };
		23B85A2D1C85E32F00144193 /* FavoritosViewController.h */ = {isa = PBXFileReference; fileEncoding = 4; lastKnownFileType = sourcecode.c.h; name = FavoritosViewController.h; path = Sources/Controllers/FavoritosViewController.h; sourceTree = "<group>"; };
		23B85A2E1C85E32F00144193 /* FavoritosViewController.m */ = {isa = PBXFileReference; fileEncoding = 4; lastKnownFileType = sourcecode.c.objc; name = FavoritosViewController.m; path = Sources/Controllers/FavoritosViewController.m; sourceTree = "<group>"; };
		23B85A2F1C85E32F00144193 /* HinosViewController.h */ = {isa = PBXFileReference; fileEncoding = 4; lastKnownFileType = sourcecode.c.h; name = HinosViewController.h; path = Sources/Controllers/HinosViewController.h; sourceTree = "<group>"; };
		23B85A301C85E32F00144193 /* HinosViewController.m */ = {isa = PBXFileReference; fileEncoding = 4; lastKnownFileType = sourcecode.c.objc; name = HinosViewController.m; path = Sources/Controllers/HinosViewController.m; sourceTree = "<group>"; };
		23B85A311C85E32F00144193 /* HinosDetailViewController.h */ = {isa = PBXFileReference; fileEncoding = 4; lastKnownFileType = sourcecode.c.h; name = HinosDetailViewController.h; path = Sources/Controllers/HinosDetailViewController.h; sourceTree = "<group>"; };
		23B85A321C85E32F00144193 /* HinosDetailViewController.m */ = {isa = PBXFileReference; fileEncoding = 4; lastKnownFileType = sourcecode.c.objc; name = HinosDetailViewController.m; path = Sources/Controllers/HinosDetailViewController.m; sourceTree = "<group>"; };
		23B85A331C85E32F00144193 /* SettingsViewController.h */ = {isa = PBXFileReference; fileEncoding = 4; lastKnownFileType = sourcecode.c.h; name = SettingsViewController.h; path = Sources/Controllers/SettingsViewController.h; sourceTree = "<group>"; };
		23B85A341C85E32F00144193 /* SettingsViewController.m */ = {isa = PBXFileReference; fileEncoding = 4; lastKnownFileType = sourcecode.c.objc; name = SettingsViewController.m; path = Sources/Controllers/SettingsViewController.m; sourceTree = "<group>"; };
		23B85A3A1C85E3C100144193 /* HarpaCrista.xcdatamodel */ = {isa = PBXFileReference; lastKnownFileType = wrapper.xcdatamodel; path = HarpaCrista.xcdatamodel; sourceTree = "<group>"; };
		A601EA521C8A891500E0AE3F /* ChangeToneCollectionViewCell.h */ = {isa = PBXFileReference; fileEncoding = 4; lastKnownFileType = sourcecode.c.h; path = ChangeToneCollectionViewCell.h; sourceTree = "<group>"; };
		A601EA531C8A891500E0AE3F /* ChangeToneCollectionViewCell.m */ = {isa = PBXFileReference; fileEncoding = 4; lastKnownFileType = sourcecode.c.objc; path = ChangeToneCollectionViewCell.m; sourceTree = "<group>"; };
		A601EA561C8AB03100E0AE3F /* IntroScreen.storyboard */ = {isa = PBXFileReference; fileEncoding = 4; lastKnownFileType = file.storyboard; path = IntroScreen.storyboard; sourceTree = "<group>"; };
		A601EA5A1C8AB1EF00E0AE3F /* Tutorial-2.png */ = {isa = PBXFileReference; lastKnownFileType = image.png; path = "Tutorial-2.png"; sourceTree = "<group>"; };
		A601EA5B1C8AB1EF00E0AE3F /* Tutorial-3.png */ = {isa = PBXFileReference; lastKnownFileType = image.png; path = "Tutorial-3.png"; sourceTree = "<group>"; };
		A601EA5C1C8AB1EF00E0AE3F /* Tutorial-4.png */ = {isa = PBXFileReference; lastKnownFileType = image.png; path = "Tutorial-4.png"; sourceTree = "<group>"; };
		A601EA5D1C8AB1EF00E0AE3F /* Tutorial-5.png */ = {isa = PBXFileReference; lastKnownFileType = image.png; path = "Tutorial-5.png"; sourceTree = "<group>"; };
		A601EA5E1C8AB1EF00E0AE3F /* Tutorial-6.png */ = {isa = PBXFileReference; lastKnownFileType = image.png; path = "Tutorial-6.png"; sourceTree = "<group>"; };
		A601EA5F1C8AB1EF00E0AE3F /* Tutorial-7.png */ = {isa = PBXFileReference; lastKnownFileType = image.png; path = "Tutorial-7.png"; sourceTree = "<group>"; };
		A601EA601C8AB1EF00E0AE3F /* Tutorial-8.png */ = {isa = PBXFileReference; lastKnownFileType = image.png; path = "Tutorial-8.png"; sourceTree = "<group>"; };
		A601EA711C8AB7A600E0AE3F /* PageItemViewController.h */ = {isa = PBXFileReference; fileEncoding = 4; lastKnownFileType = sourcecode.c.h; path = PageItemViewController.h; sourceTree = "<group>"; };
		A601EA721C8AB7A600E0AE3F /* PageItemViewController.m */ = {isa = PBXFileReference; fileEncoding = 4; lastKnownFileType = sourcecode.c.objc; path = PageItemViewController.m; sourceTree = "<group>"; };
		A601EA741C8AB7EB00E0AE3F /* TutorialViewController.h */ = {isa = PBXFileReference; fileEncoding = 4; lastKnownFileType = sourcecode.c.h; path = TutorialViewController.h; sourceTree = "<group>"; };
		A601EA751C8AB7EB00E0AE3F /* TutorialViewController.m */ = {isa = PBXFileReference; fileEncoding = 4; lastKnownFileType = sourcecode.c.objc; path = TutorialViewController.m; sourceTree = "<group>"; };
		A601EA791C8ABD0000E0AE3F /* Tutorial-9.png */ = {isa = PBXFileReference; lastKnownFileType = image.png; path = "Tutorial-9.png"; sourceTree = "<group>"; };
		A61720701C881BDA00CFF43D /* MainTabbarController.h */ = {isa = PBXFileReference; fileEncoding = 4; lastKnownFileType = sourcecode.c.h; path = MainTabbarController.h; sourceTree = "<group>"; };
		A61720711C881BDA00CFF43D /* MainTabbarController.m */ = {isa = PBXFileReference; fileEncoding = 4; lastKnownFileType = sourcecode.c.objc; path = MainTabbarController.m; sourceTree = "<group>"; };
		A6A76D2E1C8B01170058E2C1 /* Boot-Screen.png */ = {isa = PBXFileReference; lastKnownFileType = image.png; path = "Boot-Screen.png"; sourceTree = "<group>"; };
		A6DBCF401C8D856800FA6343 /* Tutorial-1.png */ = {isa = PBXFileReference; lastKnownFileType = image.png; path = "Tutorial-1.png"; sourceTree = "<group>"; };
		A6DBCF441C8D9AEB00FA6343 /* Constants.h */ = {isa = PBXFileReference; fileEncoding = 4; lastKnownFileType = sourcecode.c.h; path = Constants.h; sourceTree = "<group>"; };
		A6DBCF451C8D9AEB00FA6343 /* Constants.m */ = {isa = PBXFileReference; fileEncoding = 4; lastKnownFileType = sourcecode.c.objc; path = Constants.m; sourceTree = "<group>"; };
/* End PBXFileReference section */

/* Begin PBXFrameworksBuildPhase section */
		23B859D31C85D9D500144193 /* Frameworks */ = {
			isa = PBXFrameworksBuildPhase;
			buildActionMask = 2147483647;
			files = (
			);
			runOnlyForDeploymentPostprocessing = 0;
		};
/* End PBXFrameworksBuildPhase section */

/* Begin PBXGroup section */
		23B859CD1C85D9D500144193 = {
			isa = PBXGroup;
			children = (
				23B859D81C85D9D500144193 /* HarpaCrista */,
				23B859D71C85D9D500144193 /* Products */,
			);
			sourceTree = "<group>";
		};
		23B859D71C85D9D500144193 /* Products */ = {
			isa = PBXGroup;
			children = (
				23B859D61C85D9D500144193 /* HarpaCrista.app */,
			);
			name = Products;
			sourceTree = "<group>";
		};
		23B859D81C85D9D500144193 /* HarpaCrista */ = {
			isa = PBXGroup;
			children = (
				23B859F41C85DA6000144193 /* Resources */,
				23B859F31C85DA5A00144193 /* Sources */,
				23B859DC1C85D9D500144193 /* AppDelegate.h */,
				23B859DD1C85D9D500144193 /* AppDelegate.m */,
				23B859E21C85D9D500144193 /* Main.storyboard */,
				23B859E81C85D9D500144193 /* Assets.xcassets */,
				23B859EA1C85D9D500144193 /* LaunchScreen.storyboard */,
				23B859D91C85D9D500144193 /* Supporting Files */,
			);
			path = HarpaCrista;
			sourceTree = "<group>";
		};
		23B859D91C85D9D500144193 /* Supporting Files */ = {
			isa = PBXGroup;
			children = (
				23B859ED1C85D9D500144193 /* Info.plist */,
				23B859DA1C85D9D500144193 /* main.m */,
			);
			name = "Supporting Files";
			sourceTree = "<group>";
		};
		23B859F31C85DA5A00144193 /* Sources */ = {
			isa = PBXGroup;
			children = (
				A6DBCF431C8D9AD400FA6343 /* Common */,
				23B859F71C85DA8600144193 /* Models */,
				23B859F61C85DA7D00144193 /* Controllers */,
				23B859F51C85DA7300144193 /* Views */,
			);
			name = Sources;
			sourceTree = "<group>";
		};
		23B859F41C85DA6000144193 /* Resources */ = {
			isa = PBXGroup;
			children = (
				23B859F91C85DA9600144193 /* Files */,
				23B859F81C85DA8D00144193 /* Images */,
			);
			name = Resources;
			sourceTree = "<group>";
		};
		23B859F51C85DA7300144193 /* Views */ = {
			isa = PBXGroup;
			children = (
				A601EA561C8AB03100E0AE3F /* IntroScreen.storyboard */,
				A601EA521C8A891500E0AE3F /* ChangeToneCollectionViewCell.h */,
				A601EA531C8A891500E0AE3F /* ChangeToneCollectionViewCell.m */,
			);
			name = Views;
			sourceTree = "<group>";
		};
		23B859F61C85DA7D00144193 /* Controllers */ = {
			isa = PBXGroup;
			children = (
				23B85A2D1C85E32F00144193 /* FavoritosViewController.h */,
				23B85A2E1C85E32F00144193 /* FavoritosViewController.m */,
				23B85A2F1C85E32F00144193 /* HinosViewController.h */,
				23B85A301C85E32F00144193 /* HinosViewController.m */,
				23B85A311C85E32F00144193 /* HinosDetailViewController.h */,
				23B85A321C85E32F00144193 /* HinosDetailViewController.m */,
				23B85A331C85E32F00144193 /* SettingsViewController.h */,
				23B85A341C85E32F00144193 /* SettingsViewController.m */,
				A61720701C881BDA00CFF43D /* MainTabbarController.h */,
				A61720711C881BDA00CFF43D /* MainTabbarController.m */,
				A601EA711C8AB7A600E0AE3F /* PageItemViewController.h */,
				A601EA721C8AB7A600E0AE3F /* PageItemViewController.m */,
				A601EA741C8AB7EB00E0AE3F /* TutorialViewController.h */,
				A601EA751C8AB7EB00E0AE3F /* TutorialViewController.m */,
			);
			name = Controllers;
			sourceTree = "<group>";
		};
		23B859F71C85DA8600144193 /* Models */ = {
			isa = PBXGroup;
			children = (
				23B85A391C85E3C100144193 /* HarpaCrista.xcdatamodeld */,
				232D55A01C871CC9002798F4 /* CDSong+CoreDataProperties.h */,
				232D55A11C871CC9002798F4 /* CDSong+CoreDataProperties.m */,
				232D55A21C871CC9002798F4 /* CDSong.h */,
				232D55A31C871CC9002798F4 /* CDSong.m */,
			);
			name = Models;
			sourceTree = "<group>";
		};
		23B859F81C85DA8D00144193 /* Images */ = {
			isa = PBXGroup;
			children = (
				A601EA581C8AB18500E0AE3F /* Tutorial */,
				232D55A61C87269A002798F4 /* ic_auto_scroll_selected.png */,
				232D55A71C87269A002798F4 /* ic_auto_scroll.png */,
				A6A76D2E1C8B01170058E2C1 /* Boot-Screen.png */,
				232D55A81C87269A002798F4 /* ic_global_selected.png */,
				232D55A91C87269A002798F4 /* ic_global.png */,
				232D55AA1C87269A002798F4 /* ic_hinos_selected.png */,
				232D55AB1C87269A002798F4 /* ic_hinos.png */,
				232D55AC1C87269A002798F4 /* ic_metronome_selected.png */,
				232D55AD1C87269A002798F4 /* ic_metronome.png */,
				232D55AE1C87269A002798F4 /* ic_mude_selected.png */,
				232D55AF1C87269A002798F4 /* ic_mude.png */,
				232D55B01C87269A002798F4 /* ic_return_selected.png */,
				232D55B11C87269A002798F4 /* ic_return.png */,
				232D55B21C87269A002798F4 /* ic_setting_selected.png */,
				232D55B31C87269A002798F4 /* ic_setting.png */,
				232D55B41C87269A002798F4 /* ic_star_selected.png */,
				232D55B51C87269A002798F4 /* ic_star_yellow.png */,
				232D55B61C87269A002798F4 /* ic_star.png */,
				232D55B71C87269A002798F4 /* ic_tuner_selected.png */,
				232D55B81C87269A002798F4 /* ic_tuner.png */,
				232D55B91C87269A002798F4 /* ic_x.png */,
				23B85A0F1C85E30B00144193 /* global.ai */,
				23B85A111C85E30B00144193 /* ic_azuda.png */,
				23B85A121C85E30B00144193 /* ic_book.png */,
				23B85A131C85E30B00144193 /* ic_facebook.png */,
				23B85A141C85E30B00144193 /* ic_instagram.png */,
				23B85A151C85E30B00144193 /* ic_mail.png */,
				23B85A161C85E30B00144193 /* ic_notification.png */,
				23B85A171C85E30B00144193 /* ic_person.png */,
				23B85A181C85E30B00144193 /* ic_share.png */,
				23B85A191C85E30B00144193 /* ic_star_settings.png */,
				23B85A1A1C85E30B00144193 /* ic_trolley.png */,
				23B85A1B1C85E30B00144193 /* ic_twiiter.png */,
				23B85A1C1C85E30B00144193 /* logo_secondary.png */,
			);
			name = Images;
			sourceTree = "<group>";
		};
		23B859F91C85DA9600144193 /* Files */ = {
			isa = PBXGroup;
			children = (
				23B85A2B1C85E31800144193 /* app-data.json */,
			);
			name = Files;
			sourceTree = "<group>";
		};
		A601EA581C8AB18500E0AE3F /* Tutorial */ = {
			isa = PBXGroup;
			children = (
				A6DBCF401C8D856800FA6343 /* Tutorial-1.png */,
				A601EA791C8ABD0000E0AE3F /* Tutorial-9.png */,
				A601EA5A1C8AB1EF00E0AE3F /* Tutorial-2.png */,
				A601EA5B1C8AB1EF00E0AE3F /* Tutorial-3.png */,
				A601EA5C1C8AB1EF00E0AE3F /* Tutorial-4.png */,
				A601EA5D1C8AB1EF00E0AE3F /* Tutorial-5.png */,
				A601EA5E1C8AB1EF00E0AE3F /* Tutorial-6.png */,
				A601EA5F1C8AB1EF00E0AE3F /* Tutorial-7.png */,
				A601EA601C8AB1EF00E0AE3F /* Tutorial-8.png */,
			);
			name = Tutorial;
			sourceTree = "<group>";
		};
		A6DBCF431C8D9AD400FA6343 /* Common */ = {
			isa = PBXGroup;
			children = (
				A6DBCF441C8D9AEB00FA6343 /* Constants.h */,
				A6DBCF451C8D9AEB00FA6343 /* Constants.m */,
			);
			name = Common;
			sourceTree = "<group>";
		};
/* End PBXGroup section */

/* Begin PBXNativeTarget section */
		23B859D51C85D9D500144193 /* HarpaCrista */ = {
			isa = PBXNativeTarget;
			buildConfigurationList = 23B859F01C85D9D500144193 /* Build configuration list for PBXNativeTarget "HarpaCrista" */;
			buildPhases = (
				23B859D21C85D9D500144193 /* Sources */,
				23B859D31C85D9D500144193 /* Frameworks */,
				23B859D41C85D9D500144193 /* Resources */,
			);
			buildRules = (
			);
			dependencies = (
			);
			name = HarpaCrista;
			productName = HarpaCrista;
			productReference = 23B859D61C85D9D500144193 /* HarpaCrista.app */;
			productType = "com.apple.product-type.application";
		};
/* End PBXNativeTarget section */

/* Begin PBXProject section */
		23B859CE1C85D9D500144193 /* Project object */ = {
			isa = PBXProject;
			attributes = {
				LastUpgradeCheck = 0720;
				ORGANIZATIONNAME = "Chinh Le";
				TargetAttributes = {
					23B859D51C85D9D500144193 = {
						CreatedOnToolsVersion = 7.2.1;
						DevelopmentTeam = 6JZ875332V;
					};
				};
			};
			buildConfigurationList = 23B859D11C85D9D500144193 /* Build configuration list for PBXProject "HarpaCrista" */;
			compatibilityVersion = "Xcode 3.2";
			developmentRegion = English;
			hasScannedForEncodings = 0;
			knownRegions = (
				en,
				Base,
			);
			mainGroup = 23B859CD1C85D9D500144193;
			productRefGroup = 23B859D71C85D9D500144193 /* Products */;
			projectDirPath = "";
			projectRoot = "";
			targets = (
				23B859D51C85D9D500144193 /* HarpaCrista */,
			);
		};
/* End PBXProject section */

/* Begin PBXResourcesBuildPhase section */
		23B859D41C85D9D500144193 /* Resources */ = {
			isa = PBXResourcesBuildPhase;
			buildActionMask = 2147483647;
			files = (
				232D55C41C87269A002798F4 /* ic_return_selected.png in Resources */,
				232D55BE1C87269A002798F4 /* ic_hinos_selected.png in Resources */,
				23B859EC1C85D9D500144193 /* LaunchScreen.storyboard in Resources */,
				23B859E91C85D9D500144193 /* Assets.xcassets in Resources */,
				A601EA681C8AB1EF00E0AE3F /* Tutorial-7.png in Resources */,
				A601EA631C8AB1EF00E0AE3F /* Tutorial-2.png in Resources */,
				23B85A1D1C85E30B00144193 /* global.ai in Resources */,
				23B85A291C85E30B00144193 /* ic_twiiter.png in Resources */,
				232D55C21C87269A002798F4 /* ic_mude_selected.png in Resources */,
				232D55BA1C87269A002798F4 /* ic_auto_scroll_selected.png in Resources */,
				232D55CC1C87269A002798F4 /* ic_tuner.png in Resources */,
				A601EA661C8AB1EF00E0AE3F /* Tutorial-5.png in Resources */,
				232D55BC1C87269A002798F4 /* ic_global_selected.png in Resources */,
				A601EA671C8AB1EF00E0AE3F /* Tutorial-6.png in Resources */,
				23B859E41C85D9D500144193 /* Main.storyboard in Resources */,
				23B85A201C85E30B00144193 /* ic_book.png in Resources */,
				23B85A231C85E30B00144193 /* ic_mail.png in Resources */,
				23B85A1F1C85E30B00144193 /* ic_azuda.png in Resources */,
				232D55CD1C87269A002798F4 /* ic_x.png in Resources */,
				A6DBCF411C8D856800FA6343 /* Tutorial-1.png in Resources */,
				23B85A271C85E30B00144193 /* ic_star_settings.png in Resources */,
				23B85A211C85E30B00144193 /* ic_facebook.png in Resources */,
				232D55C01C87269A002798F4 /* ic_metronome_selected.png in Resources */,
				23B85A241C85E30B00144193 /* ic_notification.png in Resources */,
				232D55BD1C87269A002798F4 /* ic_global.png in Resources */,
				23B85A261C85E30B00144193 /* ic_share.png in Resources */,
				A601EA571C8AB03100E0AE3F /* IntroScreen.storyboard in Resources */,
				232D55BF1C87269A002798F4 /* ic_hinos.png in Resources */,
				232D55C81C87269A002798F4 /* ic_star_selected.png in Resources */,
				232D55C91C87269A002798F4 /* ic_star_yellow.png in Resources */,
				232D55C51C87269A002798F4 /* ic_return.png in Resources */,
				232D55C71C87269A002798F4 /* ic_setting.png in Resources */,
				A601EA651C8AB1EF00E0AE3F /* Tutorial-4.png in Resources */,
				23B85A2C1C85E31800144193 /* app-data.json in Resources */,
				23B85A281C85E30B00144193 /* ic_trolley.png in Resources */,
				A6A76D2F1C8B01170058E2C1 /* Boot-Screen.png in Resources */,
				23B85A2A1C85E30B00144193 /* logo_secondary.png in Resources */,
				232D55C31C87269A002798F4 /* ic_mude.png in Resources */,
				232D55C11C87269A002798F4 /* ic_metronome.png in Resources */,
				23B85A251C85E30B00144193 /* ic_person.png in Resources */,
				232D55C61C87269A002798F4 /* ic_setting_selected.png in Resources */,
				232D55CA1C87269A002798F4 /* ic_star.png in Resources */,
				232D55BB1C87269A002798F4 /* ic_auto_scroll.png in Resources */,
				23B85A221C85E30B00144193 /* ic_instagram.png in Resources */,
				A601EA641C8AB1EF00E0AE3F /* Tutorial-3.png in Resources */,
				A601EA7A1C8ABD0000E0AE3F /* Tutorial-9.png in Resources */,
				A601EA691C8AB1EF00E0AE3F /* Tutorial-8.png in Resources */,
				232D55CB1C87269A002798F4 /* ic_tuner_selected.png in Resources */,
			);
			runOnlyForDeploymentPostprocessing = 0;
		};
/* End PBXResourcesBuildPhase section */

/* Begin PBXSourcesBuildPhase section */
		23B859D21C85D9D500144193 /* Sources */ = {
			isa = PBXSourcesBuildPhase;
			buildActionMask = 2147483647;
			files = (
				23B85A351C85E32F00144193 /* FavoritosViewController.m in Sources */,
				A601EA541C8A891500E0AE3F /* ChangeToneCollectionViewCell.m in Sources */,
				A601EA731C8AB7A600E0AE3F /* PageItemViewController.m in Sources */,
				232D55A41C871CC9002798F4 /* CDSong+CoreDataProperties.m in Sources */,
				23B85A3B1C85E3C100144193 /* HarpaCrista.xcdatamodeld in Sources */,
				A6DBCF461C8D9AEB00FA6343 /* Constants.m in Sources */,
				23B85A361C85E32F00144193 /* HinosViewController.m in Sources */,
				A61720721C881BDA00CFF43D /* MainTabbarController.m in Sources */,
				23B859DE1C85D9D500144193 /* AppDelegate.m in Sources */,
				23B859DB1C85D9D500144193 /* main.m in Sources */,
				23B85A371C85E32F00144193 /* HinosDetailViewController.m in Sources */,
				A601EA761C8AB7EB00E0AE3F /* TutorialViewController.m in Sources */,
				232D55A51C871CC9002798F4 /* CDSong.m in Sources */,
				23B85A381C85E32F00144193 /* SettingsViewController.m in Sources */,
			);
			runOnlyForDeploymentPostprocessing = 0;
		};
/* End PBXSourcesBuildPhase section */

/* Begin PBXVariantGroup section */
		23B859E21C85D9D500144193 /* Main.storyboard */ = {
			isa = PBXVariantGroup;
			children = (
				23B859E31C85D9D500144193 /* Base */,
			);
			name = Main.storyboard;
			sourceTree = "<group>";
		};
		23B859EA1C85D9D500144193 /* LaunchScreen.storyboard */ = {
			isa = PBXVariantGroup;
			children = (
				23B859EB1C85D9D500144193 /* Base */,
			);
			name = LaunchScreen.storyboard;
			sourceTree = "<group>";
		};
/* End PBXVariantGroup section */

/* Begin XCBuildConfiguration section */
		23B859EE1C85D9D500144193 /* Debug */ = {
			isa = XCBuildConfiguration;
			buildSettings = {
				ALWAYS_SEARCH_USER_PATHS = NO;
				CLANG_CXX_LANGUAGE_STANDARD = "gnu++0x";
				CLANG_CXX_LIBRARY = "libc++";
				CLANG_ENABLE_MODULES = YES;
				CLANG_ENABLE_OBJC_ARC = YES;
				CLANG_WARN_BOOL_CONVERSION = YES;
				CLANG_WARN_CONSTANT_CONVERSION = YES;
				CLANG_WARN_DIRECT_OBJC_ISA_USAGE = YES_ERROR;
				CLANG_WARN_EMPTY_BODY = YES;
				CLANG_WARN_ENUM_CONVERSION = YES;
				CLANG_WARN_INT_CONVERSION = YES;
				CLANG_WARN_OBJC_ROOT_CLASS = YES_ERROR;
				CLANG_WARN_UNREACHABLE_CODE = YES;
				CLANG_WARN__DUPLICATE_METHOD_MATCH = YES;
				CODE_SIGN_IDENTITY = "iPhone Developer: Loi Ngo (VRJGCGFK8N)";
				"CODE_SIGN_IDENTITY[sdk=iphoneos*]" = "iPhone Developer: Loi Ngo (VRJGCGFK8N)";
				COPY_PHASE_STRIP = NO;
				DEBUG_INFORMATION_FORMAT = dwarf;
				ENABLE_STRICT_OBJC_MSGSEND = YES;
				ENABLE_TESTABILITY = YES;
				GCC_C_LANGUAGE_STANDARD = gnu99;
				GCC_DYNAMIC_NO_PIC = NO;
				GCC_NO_COMMON_BLOCKS = YES;
				GCC_OPTIMIZATION_LEVEL = 0;
				GCC_PREPROCESSOR_DEFINITIONS = (
					"DEBUG=1",
					"$(inherited)",
				);
				GCC_WARN_64_TO_32_BIT_CONVERSION = YES;
				GCC_WARN_ABOUT_RETURN_TYPE = YES_ERROR;
				GCC_WARN_UNDECLARED_SELECTOR = YES;
				GCC_WARN_UNINITIALIZED_AUTOS = YES_AGGRESSIVE;
				GCC_WARN_UNUSED_FUNCTION = YES;
				GCC_WARN_UNUSED_VARIABLE = YES;
				IPHONEOS_DEPLOYMENT_TARGET = 9.2;
				MTL_ENABLE_DEBUG_INFO = YES;
				ONLY_ACTIVE_ARCH = YES;
				SDKROOT = iphoneos;
				TARGETED_DEVICE_FAMILY = "1,2";
			};
			name = Debug;
		};
		23B859EF1C85D9D500144193 /* Release */ = {
			isa = XCBuildConfiguration;
			buildSettings = {
				ALWAYS_SEARCH_USER_PATHS = NO;
				CLANG_CXX_LANGUAGE_STANDARD = "gnu++0x";
				CLANG_CXX_LIBRARY = "libc++";
				CLANG_ENABLE_MODULES = YES;
				CLANG_ENABLE_OBJC_ARC = YES;
				CLANG_WARN_BOOL_CONVERSION = YES;
				CLANG_WARN_CONSTANT_CONVERSION = YES;
				CLANG_WARN_DIRECT_OBJC_ISA_USAGE = YES_ERROR;
				CLANG_WARN_EMPTY_BODY = YES;
				CLANG_WARN_ENUM_CONVERSION = YES;
				CLANG_WARN_INT_CONVERSION = YES;
				CLANG_WARN_OBJC_ROOT_CLASS = YES_ERROR;
				CLANG_WARN_UNREACHABLE_CODE = YES;
				CLANG_WARN__DUPLICATE_METHOD_MATCH = YES;
				CODE_SIGN_IDENTITY = "iPhone Developer: Loi Ngo (VRJGCGFK8N)";
				"CODE_SIGN_IDENTITY[sdk=iphoneos*]" = "iPhone Developer: Loi Ngo (VRJGCGFK8N)";
				COPY_PHASE_STRIP = NO;
				DEBUG_INFORMATION_FORMAT = "dwarf-with-dsym";
				ENABLE_NS_ASSERTIONS = NO;
				ENABLE_STRICT_OBJC_MSGSEND = YES;
				GCC_C_LANGUAGE_STANDARD = gnu99;
				GCC_NO_COMMON_BLOCKS = YES;
				GCC_WARN_64_TO_32_BIT_CONVERSION = YES;
				GCC_WARN_ABOUT_RETURN_TYPE = YES_ERROR;
				GCC_WARN_UNDECLARED_SELECTOR = YES;
				GCC_WARN_UNINITIALIZED_AUTOS = YES_AGGRESSIVE;
				GCC_WARN_UNUSED_FUNCTION = YES;
				GCC_WARN_UNUSED_VARIABLE = YES;
				IPHONEOS_DEPLOYMENT_TARGET = 9.2;
				MTL_ENABLE_DEBUG_INFO = NO;
				SDKROOT = iphoneos;
				TARGETED_DEVICE_FAMILY = "1,2";
				VALIDATE_PRODUCT = YES;
			};
			name = Release;
		};
		23B859F11C85D9D500144193 /* Debug */ = {
			isa = XCBuildConfiguration;
			buildSettings = {
				ASSETCATALOG_COMPILER_APPICON_NAME = AppIcon;
				CODE_SIGN_IDENTITY = "iPhone Developer: Loi Ngo (VRJGCGFK8N)";
				"CODE_SIGN_IDENTITY[sdk=iphoneos*]" = "iPhone Developer: Loi Ngo (VRJGCGFK8N)";
				INFOPLIST_FILE = HarpaCrista/Info.plist;
				IPHONEOS_DEPLOYMENT_TARGET = 8.4;
				LD_RUNPATH_SEARCH_PATHS = "$(inherited) @executable_path/Frameworks";
				PRODUCT_BUNDLE_IDENTIFIER = app.com.HarpaCrista;
				PRODUCT_NAME = "$(TARGET_NAME)";
				PROVISIONING_PROFILE = "";
			};
			name = Debug;
		};
		23B859F21C85D9D500144193 /* Release */ = {
			isa = XCBuildConfiguration;
			buildSettings = {
				ASSETCATALOG_COMPILER_APPICON_NAME = AppIcon;
				CODE_SIGN_IDENTITY = "iPhone Developer: Loi Ngo (VRJGCGFK8N)";
				"CODE_SIGN_IDENTITY[sdk=iphoneos*]" = "iPhone Developer: Loi Ngo (VRJGCGFK8N)";
				INFOPLIST_FILE = HarpaCrista/Info.plist;
				IPHONEOS_DEPLOYMENT_TARGET = 8.4;
				LD_RUNPATH_SEARCH_PATHS = "$(inherited) @executable_path/Frameworks";
				PRODUCT_BUNDLE_IDENTIFIER = app.com.HarpaCrista;
				PRODUCT_NAME = "$(TARGET_NAME)";
				PROVISIONING_PROFILE = "";
			};
			name = Release;
		};
/* End XCBuildConfiguration section */

/* Begin XCConfigurationList section */
		23B859D11C85D9D500144193 /* Build configuration list for PBXProject "HarpaCrista" */ = {
			isa = XCConfigurationList;
			buildConfigurations = (
				23B859EE1C85D9D500144193 /* Debug */,
				23B859EF1C85D9D500144193 /* Release */,
			);
			defaultConfigurationIsVisible = 0;
			defaultConfigurationName = Release;
		};
		23B859F01C85D9D500144193 /* Build configuration list for PBXNativeTarget "HarpaCrista" */ = {
			isa = XCConfigurationList;
			buildConfigurations = (
				23B859F11C85D9D500144193 /* Debug */,
				23B859F21C85D9D500144193 /* Release */,
			);
			defaultConfigurationIsVisible = 0;
			defaultConfigurationName = Release;
		};
/* End XCConfigurationList section */

/* Begin XCVersionGroup section */
		23B85A391C85E3C100144193 /* HarpaCrista.xcdatamodeld */ = {
			isa = XCVersionGroup;
			children = (
				23B85A3A1C85E3C100144193 /* HarpaCrista.xcdatamodel */,
			);
			currentVersion = 23B85A3A1C85E3C100144193 /* HarpaCrista.xcdatamodel */;
			name = HarpaCrista.xcdatamodeld;
			path = Sources/Models/HarpaCrista.xcdatamodeld;
			sourceTree = "<group>";
			versionGroupType = wrapper.xcdatamodel;
		};
/* End XCVersionGroup section */
	};
	rootObject = 23B859CE1C85D9D500144193 /* Project object */;
}
